
Microsoft Visual Studio Solution File, Format Version 12.00
# Visual Studio 15
VisualStudioVersion = 15.0.28307.168
MinimumVisualStudioVersion = 10.0.40219.1
Project("{FAE04EC0-301F-11D3-BF4B-00C04F79EFBC}") = "Entities", "Entities\Entities.csproj", "{704768D0-D42C-4CAF-B3AE-F62C7E4932EA}"
EndProject
Global
	GlobalSection(SolutionConfigurationPlatforms) = preSolution
		Debug|Any CPU = Debug|Any CPU
		Release|Any CPU = Release|Any CPU
	EndGlobalSection
	GlobalSection(ProjectConfigurationPlatforms) = postSolution
		{704768D0-D42C-4CAF-B3AE-F62C7E4932EA}.Debug|Any CPU.ActiveCfg = Debug|Any CPU
		{704768D0-D42C-4CAF-B3AE-F62C7E4932EA}.Debug|Any CPU.Build.0 = Debug|Any CPU
		{704768D0-D42C-4CAF-B3AE-F62C7E4932EA}.Release|Any CPU.ActiveCfg = Release|Any CPU
		{704768D0-D42C-4CAF-B3AE-F62C7E4932EA}.Release|Any CPU.Build.0 = Release|Any CPU
	EndGlobalSection
	GlobalSection(SolutionProperties) = preSolution
		HideSolutionNode = FALSE
	EndGlobalSection
	GlobalSection(ExtensibilityGlobals) = postSolution
		SolutionGuid = {AAEF428E-44C1-4545-BFD1-0228762F6449}
	EndGlobalSection
EndGlobal
