
Microsoft Visual Studio Solution File, Format Version 12.00
# Visual Studio 15
VisualStudioVersion = 15.0.28010.2016
MinimumVisualStudioVersion = 10.0.40219.1
Project("{FAE04EC0-301F-11D3-BF4B-00C04F79EFBC}") = "TiledSprite", "TiledSprite\TiledSprite.csproj", "{5F0E117B-C99A-4FDC-B811-D74C670AA0A8}"
EndProject
Project("{FAE04EC0-301F-11D3-BF4B-00C04F79EFBC}") = "BitmapFonts", "..\BitmapFonts\BitmapFonts\BitmapFonts.csproj", "{A6C239FA-6547-44AF-A6F2-40709E12CE7A}"
EndProject
Global
	GlobalSection(SolutionConfigurationPlatforms) = preSolution
		Debug|Any CPU = Debug|Any CPU
		Release|Any CPU = Release|Any CPU
	EndGlobalSection
	GlobalSection(ProjectConfigurationPlatforms) = postSolution
		{5F0E117B-C99A-4FDC-B811-D74C670AA0A8}.Debug|Any CPU.ActiveCfg = Debug|Any CPU
		{5F0E117B-C99A-4FDC-B811-D74C670AA0A8}.Debug|Any CPU.Build.0 = Debug|Any CPU
		{5F0E117B-C99A-4FDC-B811-D74C670AA0A8}.Release|Any CPU.ActiveCfg = Release|Any CPU
		{5F0E117B-C99A-4FDC-B811-D74C670AA0A8}.Release|Any CPU.Build.0 = Release|Any CPU
		{A6C239FA-6547-44AF-A6F2-40709E12CE7A}.Debug|Any CPU.ActiveCfg = Debug|Any CPU
		{A6C239FA-6547-44AF-A6F2-40709E12CE7A}.Debug|Any CPU.Build.0 = Debug|Any CPU
		{A6C239FA-6547-44AF-A6F2-40709E12CE7A}.Release|Any CPU.ActiveCfg = Release|Any CPU
		{A6C239FA-6547-44AF-A6F2-40709E12CE7A}.Release|Any CPU.Build.0 = Release|Any CPU
	EndGlobalSection
	GlobalSection(SolutionProperties) = preSolution
		HideSolutionNode = FALSE
	EndGlobalSection
	GlobalSection(ExtensibilityGlobals) = postSolution
		SolutionGuid = {EFFD755A-EEC2-41E4-BCFD-A2879F5C9A36}
	EndGlobalSection
EndGlobal
